
Microsoft Visual Studio Solution File, Format Version 12.00
# Visual Studio Version 17
VisualStudioVersion = 17.7.34031.279
MinimumVisualStudioVersion = 10.0.40219.1
Project("{FAE04EC0-301F-11D3-BF4B-00C04F79EFBC}") = "LoopFor", "Lab4\LoopFor.csproj", "{AE1F695F-AE04-4D49-B456-6B81F6825C1F}"
EndProject
Project("{FAE04EC0-301F-11D3-BF4B-00C04F79EFBC}") = "LoopWhile", "LoopWhile\LoopWhile.csproj", "{79735AA9-54FE-4A17-B9D4-3857865FB725}"
EndProject
Project("{FAE04EC0-301F-11D3-BF4B-00C04F79EFBC}") = "LoopWhile2", "LoopWhile2\LoopWhile2.csproj", "{C39E5B24-1274-4E81-BF78-FA843A3F7795}"
EndProject
Global
	GlobalSection(SolutionConfigurationPlatforms) = preSolution
		Debug|Any CPU = Debug|Any CPU
		Release|Any CPU = Release|Any CPU
	EndGlobalSection
	GlobalSection(ProjectConfigurationPlatforms) = postSolution
		{AE1F695F-AE04-4D49-B456-6B81F6825C1F}.Debug|Any CPU.ActiveCfg = Debug|Any CPU
		{AE1F695F-AE04-4D49-B456-6B81F6825C1F}.Debug|Any CPU.Build.0 = Debug|Any CPU
		{AE1F695F-AE04-4D49-B456-6B81F6825C1F}.Release|Any CPU.ActiveCfg = Release|Any CPU
		{AE1F695F-AE04-4D49-B456-6B81F6825C1F}.Release|Any CPU.Build.0 = Release|Any CPU
		{79735AA9-54FE-4A17-B9D4-3857865FB725}.Debug|Any CPU.ActiveCfg = Debug|Any CPU
		{79735AA9-54FE-4A17-B9D4-3857865FB725}.Debug|Any CPU.Build.0 = Debug|Any CPU
		{79735AA9-54FE-4A17-B9D4-3857865FB725}.Release|Any CPU.ActiveCfg = Release|Any CPU
		{79735AA9-54FE-4A17-B9D4-3857865FB725}.Release|Any CPU.Build.0 = Release|Any CPU
		{C39E5B24-1274-4E81-BF78-FA843A3F7795}.Debug|Any CPU.ActiveCfg = Debug|Any CPU
		{C39E5B24-1274-4E81-BF78-FA843A3F7795}.Debug|Any CPU.Build.0 = Debug|Any CPU
		{C39E5B24-1274-4E81-BF78-FA843A3F7795}.Release|Any CPU.ActiveCfg = Release|Any CPU
		{C39E5B24-1274-4E81-BF78-FA843A3F7795}.Release|Any CPU.Build.0 = Release|Any CPU
	EndGlobalSection
	GlobalSection(SolutionProperties) = preSolution
		HideSolutionNode = FALSE
	EndGlobalSection
	GlobalSection(ExtensibilityGlobals) = postSolution
		SolutionGuid = {3F21CE40-37ED-46CE-89C9-D946F8127297}
	EndGlobalSection
EndGlobal
